{
  "name": "Patron Local",
  "lockfileVersion": 3,
  "requires": true,
  "packages": {
    "": {
      "dependencies": {
        "tinymce": "^8.2.0"
      }
    },
    "node_modules/tinymce": {
      "version": "8.2.0",
      "resolved": "https://registry.npmjs.org/tinymce/-/tinymce-8.2.0.tgz",
      "integrity": "sha512-HZasRaAYQmePi+jjP4YFqHMtBJvbUaxDmjlXNf96uuyqsH6zZkGtJiFpsNi80Ec+L+snyF0OTDjrWVYDbkUrgQ==",
      "license": "GPL-2.0-or-later"
    }
  }
}
